
Microsoft Visual Studio Solution File, Format Version 12.00
# Visual Studio Version 16
VisualStudioVersion = 16.0.29424.173
MinimumVisualStudioVersion = 10.0.40219.1
Project("{9A19103F-16F7-4668-BE54-9A1E7A4F7556}") = "PeterKApplication", "PeterKApplication\PeterKApplication\PeterKApplication.csproj", "{21FCB6ED-7532-4755-8F34-7277590DEAAF}"
EndProject
Project("{FAE04EC0-301F-11D3-BF4B-00C04F79EFBC}") = "PeterKApplication.Android", "PeterKApplication\PeterKApplication.Android\PeterKApplication.Android.csproj", "{B5FB9659-C299-41BE-9A89-95226A384437}"
EndProject
Project("{FAE04EC0-301F-11D3-BF4B-00C04F79EFBC}") = "PeterKApplication.iOS", "PeterKApplication\PeterKApplication.iOS\PeterKApplication.iOS.csproj", "{5506151C-C15A-4240-A46B-B8300CCB955F}"
EndProject
Project("{FAE04EC0-301F-11D3-BF4B-00C04F79EFBC}") = "PeterKApplication.UWP", "PeterKApplication.UWP\PeterKApplication.UWP.csproj", "{55824841-663D-484F-AF87-BCD357269000}"
EndProject
Project("{FAE04EC0-301F-11D3-BF4B-00C04F79EFBC}") = "PeterKApplication.Web", "PeterKApplication.Web\PeterKApplication.Web.csproj", "{43CBBAA4-06DD-46F3-9184-52374497131F}"
EndProject
Project("{FAE04EC0-301F-11D3-BF4B-00C04F79EFBC}") = "PeterKApplication.Shared", "PeterKApplication.Shared\PeterKApplication.Shared.csproj", "{9EAE6F2C-00AA-45B2-8880-D6FA1D2B4CB2}"
EndProject
Global
	GlobalSection(SolutionConfigurationPlatforms) = preSolution
		Ad-Hoc|Any CPU = Ad-Hoc|Any CPU
		Ad-Hoc|ARM = Ad-Hoc|ARM
		Ad-Hoc|ARM64 = Ad-Hoc|ARM64
		Ad-Hoc|iPhone = Ad-Hoc|iPhone
		Ad-Hoc|iPhoneSimulator = Ad-Hoc|iPhoneSimulator
		Ad-Hoc|x64 = Ad-Hoc|x64
		Ad-Hoc|x86 = Ad-Hoc|x86
		AppStore|Any CPU = AppStore|Any CPU
		AppStore|ARM = AppStore|ARM
		AppStore|ARM64 = AppStore|ARM64
		AppStore|iPhone = AppStore|iPhone
		AppStore|iPhoneSimulator = AppStore|iPhoneSimulator
		AppStore|x64 = AppStore|x64
		AppStore|x86 = AppStore|x86
		Debug|Any CPU = Debug|Any CPU
		Debug|ARM = Debug|ARM
		Debug|ARM64 = Debug|ARM64
		Debug|iPhone = Debug|iPhone
		Debug|iPhoneSimulator = Debug|iPhoneSimulator
		Debug|x64 = Debug|x64
		Debug|x86 = Debug|x86
		Release|Any CPU = Release|Any CPU
		Release|ARM = Release|ARM
		Release|ARM64 = Release|ARM64
		Release|iPhone = Release|iPhone
		Release|iPhoneSimulator = Release|iPhoneSimulator
		Release|x64 = Release|x64
		Release|x86 = Release|x86
	EndGlobalSection
	GlobalSection(ProjectConfigurationPlatforms) = postSolution
		{21FCB6ED-7532-4755-8F34-7277590DEAAF}.Ad-Hoc|Any CPU.ActiveCfg = Release|Any CPU
		{21FCB6ED-7532-4755-8F34-7277590DEAAF}.Ad-Hoc|Any CPU.Build.0 = Release|Any CPU
		{21FCB6ED-7532-4755-8F34-7277590DEAAF}.Ad-Hoc|ARM.ActiveCfg = Debug|Any CPU
		{21FCB6ED-7532-4755-8F34-7277590DEAAF}.Ad-Hoc|ARM.Build.0 = Debug|Any CPU
		{21FCB6ED-7532-4755-8F34-7277590DEAAF}.Ad-Hoc|ARM64.ActiveCfg = Debug|Any CPU
		{21FCB6ED-7532-4755-8F34-7277590DEAAF}.Ad-Hoc|ARM64.Build.0 = Debug|Any CPU
		{21FCB6ED-7532-4755-8F34-7277590DEAAF}.Ad-Hoc|iPhone.ActiveCfg = Debug|Any CPU
		{21FCB6ED-7532-4755-8F34-7277590DEAAF}.Ad-Hoc|iPhone.Build.0 = Debug|Any CPU
		{21FCB6ED-7532-4755-8F34-7277590DEAAF}.Ad-Hoc|iPhoneSimulator.ActiveCfg = Release|Any CPU
		{21FCB6ED-7532-4755-8F34-7277590DEAAF}.Ad-Hoc|iPhoneSimulator.Build.0 = Release|Any CPU
		{21FCB6ED-7532-4755-8F34-7277590DEAAF}.Ad-Hoc|x64.ActiveCfg = Debug|Any CPU
		{21FCB6ED-7532-4755-8F34-7277590DEAAF}.Ad-Hoc|x64.Build.0 = Debug|Any CPU
		{21FCB6ED-7532-4755-8F34-7277590DEAAF}.Ad-Hoc|x86.ActiveCfg = Debug|Any CPU
		{21FCB6ED-7532-4755-8F34-7277590DEAAF}.Ad-Hoc|x86.Build.0 = Debug|Any CPU
		{21FCB6ED-7532-4755-8F34-7277590DEAAF}.AppStore|Any CPU.ActiveCfg = Release|Any CPU
		{21FCB6ED-7532-4755-8F34-7277590DEAAF}.AppStore|Any CPU.Build.0 = Release|Any CPU
		{21FCB6ED-7532-4755-8F34-7277590DEAAF}.AppStore|ARM.ActiveCfg = Debug|Any CPU
		{21FCB6ED-7532-4755-8F34-7277590DEAAF}.AppStore|ARM.Build.0 = Debug|Any CPU
		{21FCB6ED-7532-4755-8F34-7277590DEAAF}.AppStore|ARM64.ActiveCfg = Debug|Any CPU
		{21FCB6ED-7532-4755-8F34-7277590DEAAF}.AppStore|ARM64.Build.0 = Debug|Any CPU
		{21FCB6ED-7532-4755-8F34-7277590DEAAF}.AppStore|iPhone.ActiveCfg = Debug|Any CPU
		{21FCB6ED-7532-4755-8F34-7277590DEAAF}.AppStore|iPhone.Build.0 = Debug|Any CPU
		{21FCB6ED-7532-4755-8F34-7277590DEAAF}.AppStore|iPhoneSimulator.ActiveCfg = Release|Any CPU
		{21FCB6ED-7532-4755-8F34-7277590DEAAF}.AppStore|iPhoneSimulator.Build.0 = Release|Any CPU
		{21FCB6ED-7532-4755-8F34-7277590DEAAF}.AppStore|x64.ActiveCfg = Debug|Any CPU
		{21FCB6ED-7532-4755-8F34-7277590DEAAF}.AppStore|x64.Build.0 = Debug|Any CPU
		{21FCB6ED-7532-4755-8F34-7277590DEAAF}.AppStore|x86.ActiveCfg = Debug|Any CPU
		{21FCB6ED-7532-4755-8F34-7277590DEAAF}.AppStore|x86.Build.0 = Debug|Any CPU
		{21FCB6ED-7532-4755-8F34-7277590DEAAF}.Debug|Any CPU.ActiveCfg = Debug|Any CPU
		{21FCB6ED-7532-4755-8F34-7277590DEAAF}.Debug|Any CPU.Build.0 = Debug|Any CPU
		{21FCB6ED-7532-4755-8F34-7277590DEAAF}.Debug|ARM.ActiveCfg = Debug|Any CPU
		{21FCB6ED-7532-4755-8F34-7277590DEAAF}.Debug|ARM.Build.0 = Debug|Any CPU
		{21FCB6ED-7532-4755-8F34-7277590DEAAF}.Debug|ARM64.ActiveCfg = Debug|Any CPU
		{21FCB6ED-7532-4755-8F34-7277590DEAAF}.Debug|ARM64.Build.0 = Debug|Any CPU
		{21FCB6ED-7532-4755-8F34-7277590DEAAF}.Debug|iPhone.ActiveCfg = Debug|Any CPU
		{21FCB6ED-7532-4755-8F34-7277590DEAAF}.Debug|iPhone.Build.0 = Debug|Any CPU
		{21FCB6ED-7532-4755-8F34-7277590DEAAF}.Debug|iPhoneSimulator.ActiveCfg = Debug|Any CPU
		{21FCB6ED-7532-4755-8F34-7277590DEAAF}.Debug|iPhoneSimulator.Build.0 = Debug|Any CPU
		{21FCB6ED-7532-4755-8F34-7277590DEAAF}.Debug|x64.ActiveCfg = Debug|Any CPU
		{21FCB6ED-7532-4755-8F34-7277590DEAAF}.Debug|x64.Build.0 = Debug|Any CPU
		{21FCB6ED-7532-4755-8F34-7277590DEAAF}.Debug|x86.ActiveCfg = Debug|Any CPU
		{21FCB6ED-7532-4755-8F34-7277590DEAAF}.Debug|x86.Build.0 = Debug|Any CPU
		{21FCB6ED-7532-4755-8F34-7277590DEAAF}.Release|Any CPU.ActiveCfg = Release|Any CPU
		{21FCB6ED-7532-4755-8F34-7277590DEAAF}.Release|Any CPU.Build.0 = Release|Any CPU
		{21FCB6ED-7532-4755-8F34-7277590DEAAF}.Release|ARM.ActiveCfg = Release|Any CPU
		{21FCB6ED-7532-4755-8F34-7277590DEAAF}.Release|ARM.Build.0 = Release|Any CPU
		{21FCB6ED-7532-4755-8F34-7277590DEAAF}.Release|ARM64.ActiveCfg = Release|Any CPU
		{21FCB6ED-7532-4755-8F34-7277590DEAAF}.Release|ARM64.Build.0 = Release|Any CPU
		{21FCB6ED-7532-4755-8F34-7277590DEAAF}.Release|iPhone.ActiveCfg = Release|Any CPU
		{21FCB6ED-7532-4755-8F34-7277590DEAAF}.Release|iPhone.Build.0 = Release|Any CPU
		{21FCB6ED-7532-4755-8F34-7277590DEAAF}.Release|iPhoneSimulator.ActiveCfg = Release|Any CPU
		{21FCB6ED-7532-4755-8F34-7277590DEAAF}.Release|iPhoneSimulator.Build.0 = Release|Any CPU
		{21FCB6ED-7532-4755-8F34-7277590DEAAF}.Release|x64.ActiveCfg = Release|Any CPU
		{21FCB6ED-7532-4755-8F34-7277590DEAAF}.Release|x64.Build.0 = Release|Any CPU
		{21FCB6ED-7532-4755-8F34-7277590DEAAF}.Release|x86.ActiveCfg = Release|Any CPU
		{21FCB6ED-7532-4755-8F34-7277590DEAAF}.Release|x86.Build.0 = Release|Any CPU
		{B5FB9659-C299-41BE-9A89-95226A384437}.Ad-Hoc|Any CPU.ActiveCfg = Release|Any CPU
		{B5FB9659-C299-41BE-9A89-95226A384437}.Ad-Hoc|Any CPU.Build.0 = Release|Any CPU
		{B5FB9659-C299-41BE-9A89-95226A384437}.Ad-Hoc|Any CPU.Deploy.0 = Release|Any CPU
		{B5FB9659-C299-41BE-9A89-95226A384437}.Ad-Hoc|ARM.ActiveCfg = Debug|Any CPU
		{B5FB9659-C299-41BE-9A89-95226A384437}.Ad-Hoc|ARM.Build.0 = Debug|Any CPU
		{B5FB9659-C299-41BE-9A89-95226A384437}.Ad-Hoc|ARM.Deploy.0 = Debug|Any CPU
		{B5FB9659-C299-41BE-9A89-95226A384437}.Ad-Hoc|ARM64.ActiveCfg = Debug|Any CPU
		{B5FB9659-C299-41BE-9A89-95226A384437}.Ad-Hoc|ARM64.Build.0 = Debug|Any CPU
		{B5FB9659-C299-41BE-9A89-95226A384437}.Ad-Hoc|ARM64.Deploy.0 = Debug|Any CPU
		{B5FB9659-C299-41BE-9A89-95226A384437}.Ad-Hoc|iPhone.ActiveCfg = Debug|Any CPU
		{B5FB9659-C299-41BE-9A89-95226A384437}.Ad-Hoc|iPhone.Build.0 = Debug|Any CPU
		{B5FB9659-C299-41BE-9A89-95226A384437}.Ad-Hoc|iPhone.Deploy.0 = Debug|Any CPU
		{B5FB9659-C299-41BE-9A89-95226A384437}.Ad-Hoc|iPhoneSimulator.ActiveCfg = Release|Any CPU
		{B5FB9659-C299-41BE-9A89-95226A384437}.Ad-Hoc|iPhoneSimulator.Build.0 = Release|Any CPU
		{B5FB9659-C299-41BE-9A89-95226A384437}.Ad-Hoc|iPhoneSimulator.Deploy.0 = Release|Any CPU
		{B5FB9659-C299-41BE-9A89-95226A384437}.Ad-Hoc|x64.ActiveCfg = Debug|Any CPU
		{B5FB9659-C299-41BE-9A89-95226A384437}.Ad-Hoc|x64.Build.0 = Debug|Any CPU
		{B5FB9659-C299-41BE-9A89-95226A384437}.Ad-Hoc|x64.Deploy.0 = Debug|Any CPU
		{B5FB9659-C299-41BE-9A89-95226A384437}.Ad-Hoc|x86.ActiveCfg = Debug|Any CPU
		{B5FB9659-C299-41BE-9A89-95226A384437}.Ad-Hoc|x86.Build.0 = Debug|Any CPU
		{B5FB9659-C299-41BE-9A89-95226A384437}.Ad-Hoc|x86.Deploy.0 = Debug|Any CPU
		{B5FB9659-C299-41BE-9A89-95226A384437}.AppStore|Any CPU.ActiveCfg = Release|Any CPU
		{B5FB9659-C299-41BE-9A89-95226A384437}.AppStore|Any CPU.Build.0 = Release|Any CPU
		{B5FB9659-C299-41BE-9A89-95226A384437}.AppStore|Any CPU.Deploy.0 = Release|Any CPU
		{B5FB9659-C299-41BE-9A89-95226A384437}.AppStore|ARM.ActiveCfg = Debug|Any CPU
		{B5FB9659-C299-41BE-9A89-95226A384437}.AppStore|ARM.Build.0 = Debug|Any CPU
		{B5FB9659-C299-41BE-9A89-95226A384437}.AppStore|ARM.Deploy.0 = Debug|Any CPU
		{B5FB9659-C299-41BE-9A89-95226A384437}.AppStore|ARM64.ActiveCfg = Debug|Any CPU
		{B5FB9659-C299-41BE-9A89-95226A384437}.AppStore|ARM64.Build.0 = Debug|Any CPU
		{B5FB9659-C299-41BE-9A89-95226A384437}.AppStore|ARM64.Deploy.0 = Debug|Any CPU
		{B5FB9659-C299-41BE-9A89-95226A384437}.AppStore|iPhone.ActiveCfg = Debug|Any CPU
		{B5FB9659-C299-41BE-9A89-95226A384437}.AppStore|iPhone.Build.0 = Debug|Any CPU
		{B5FB9659-C299-41BE-9A89-95226A384437}.AppStore|iPhone.Deploy.0 = Debug|Any CPU
		{B5FB9659-C299-41BE-9A89-95226A384437}.AppStore|iPhoneSimulator.ActiveCfg = Release|Any CPU
		{B5FB9659-C299-41BE-9A89-95226A384437}.AppStore|iPhoneSimulator.Build.0 = Release|Any CPU
		{B5FB9659-C299-41BE-9A89-95226A384437}.AppStore|iPhoneSimulator.Deploy.0 = Release|Any CPU
		{B5FB9659-C299-41BE-9A89-95226A384437}.AppStore|x64.ActiveCfg = Debug|Any CPU
		{B5FB9659-C299-41BE-9A89-95226A384437}.AppStore|x64.Build.0 = Debug|Any CPU
		{B5FB9659-C299-41BE-9A89-95226A384437}.AppStore|x64.Deploy.0 = Debug|Any CPU
		{B5FB9659-C299-41BE-9A89-95226A384437}.AppStore|x86.ActiveCfg = Debug|Any CPU
		{B5FB9659-C299-41BE-9A89-95226A384437}.AppStore|x86.Build.0 = Debug|Any CPU
		{B5FB9659-C299-41BE-9A89-95226A384437}.AppStore|x86.Deploy.0 = Debug|Any CPU
		{B5FB9659-C299-41BE-9A89-95226A384437}.Debug|Any CPU.ActiveCfg = Debug|Any CPU
		{B5FB9659-C299-41BE-9A89-95226A384437}.Debug|Any CPU.Build.0 = Debug|Any CPU
		{B5FB9659-C299-41BE-9A89-95226A384437}.Debug|Any CPU.Deploy.0 = Debug|Any CPU
		{B5FB9659-C299-41BE-9A89-95226A384437}.Debug|ARM.ActiveCfg = Debug|Any CPU
		{B5FB9659-C299-41BE-9A89-95226A384437}.Debug|ARM.Build.0 = Debug|Any CPU
		{B5FB9659-C299-41BE-9A89-95226A384437}.Debug|ARM.Deploy.0 = Debug|Any CPU
		{B5FB9659-C299-41BE-9A89-95226A384437}.Debug|ARM64.ActiveCfg = Debug|Any CPU
		{B5FB9659-C299-41BE-9A89-95226A384437}.Debug|ARM64.Build.0 = Debug|Any CPU
		{B5FB9659-C299-41BE-9A89-95226A384437}.Debug|ARM64.Deploy.0 = Debug|Any CPU
		{B5FB9659-C299-41BE-9A89-95226A384437}.Debug|iPhone.ActiveCfg = Debug|Any CPU
		{B5FB9659-C299-41BE-9A89-95226A384437}.Debug|iPhone.Build.0 = Debug|Any CPU
		{B5FB9659-C299-41BE-9A89-95226A384437}.Debug|iPhone.Deploy.0 = Debug|Any CPU
		{B5FB9659-C299-41BE-9A89-95226A384437}.Debug|iPhoneSimulator.ActiveCfg = Debug|Any CPU
		{B5FB9659-C299-41BE-9A89-95226A384437}.Debug|iPhoneSimulator.Build.0 = Debug|Any CPU
		{B5FB9659-C299-41BE-9A89-95226A384437}.Debug|iPhoneSimulator.Deploy.0 = Debug|Any CPU
		{B5FB9659-C299-41BE-9A89-95226A384437}.Debug|x64.ActiveCfg = Debug|Any CPU
		{B5FB9659-C299-41BE-9A89-95226A384437}.Debug|x64.Build.0 = Debug|Any CPU
		{B5FB9659-C299-41BE-9A89-95226A384437}.Debug|x64.Deploy.0 = Debug|Any CPU
		{B5FB9659-C299-41BE-9A89-95226A384437}.Debug|x86.ActiveCfg = Debug|Any CPU
		{B5FB9659-C299-41BE-9A89-95226A384437}.Debug|x86.Build.0 = Debug|Any CPU
		{B5FB9659-C299-41BE-9A89-95226A384437}.Debug|x86.Deploy.0 = Debug|Any CPU
		{B5FB9659-C299-41BE-9A89-95226A384437}.Release|Any CPU.ActiveCfg = Release|Any CPU
		{B5FB9659-C299-41BE-9A89-95226A384437}.Release|Any CPU.Build.0 = Release|Any CPU
		{B5FB9659-C299-41BE-9A89-95226A384437}.Release|Any CPU.Deploy.0 = Release|Any CPU
		{B5FB9659-C299-41BE-9A89-95226A384437}.Release|ARM.ActiveCfg = Release|Any CPU
		{B5FB9659-C299-41BE-9A89-95226A384437}.Release|ARM.Build.0 = Release|Any CPU
		{B5FB9659-C299-41BE-9A89-95226A384437}.Release|ARM.Deploy.0 = Release|Any CPU
		{B5FB9659-C299-41BE-9A89-95226A384437}.Release|ARM64.ActiveCfg = Release|Any CPU
		{B5FB9659-C299-41BE-9A89-95226A384437}.Release|ARM64.Build.0 = Release|Any CPU
		{B5FB9659-C299-41BE-9A89-95226A384437}.Release|ARM64.Deploy.0 = Release|Any CPU
		{B5FB9659-C299-41BE-9A89-95226A384437}.Release|iPhone.ActiveCfg = Release|Any CPU
		{B5FB9659-C299-41BE-9A89-95226A384437}.Release|iPhone.Build.0 = Release|Any CPU
		{B5FB9659-C299-41BE-9A89-95226A384437}.Release|iPhone.Deploy.0 = Release|Any CPU
		{B5FB9659-C299-41BE-9A89-95226A384437}.Release|iPhoneSimulator.ActiveCfg = Release|Any CPU
		{B5FB9659-C299-41BE-9A89-95226A384437}.Release|iPhoneSimulator.Build.0 = Release|Any CPU
		{B5FB9659-C299-41BE-9A89-95226A384437}.Release|iPhoneSimulator.Deploy.0 = Release|Any CPU
		{B5FB9659-C299-41BE-9A89-95226A384437}.Release|x64.ActiveCfg = Release|Any CPU
		{B5FB9659-C299-41BE-9A89-95226A384437}.Release|x64.Build.0 = Release|Any CPU
		{B5FB9659-C299-41BE-9A89-95226A384437}.Release|x64.Deploy.0 = Release|Any CPU
		{B5FB9659-C299-41BE-9A89-95226A384437}.Release|x86.ActiveCfg = Release|Any CPU
		{B5FB9659-C299-41BE-9A89-95226A384437}.Release|x86.Build.0 = Release|Any CPU
		{B5FB9659-C299-41BE-9A89-95226A384437}.Release|x86.Deploy.0 = Release|Any CPU
		{5506151C-C15A-4240-A46B-B8300CCB955F}.Ad-Hoc|Any CPU.ActiveCfg = Ad-Hoc|iPhoneSimulator
		{5506151C-C15A-4240-A46B-B8300CCB955F}.Ad-Hoc|ARM.ActiveCfg = Ad-Hoc|iPhone
		{5506151C-C15A-4240-A46B-B8300CCB955F}.Ad-Hoc|ARM64.ActiveCfg = Ad-Hoc|iPhone
		{5506151C-C15A-4240-A46B-B8300CCB955F}.Ad-Hoc|iPhone.ActiveCfg = Ad-Hoc|iPhone
		{5506151C-C15A-4240-A46B-B8300CCB955F}.Ad-Hoc|iPhone.Build.0 = Ad-Hoc|iPhone
		{5506151C-C15A-4240-A46B-B8300CCB955F}.Ad-Hoc|iPhone.Deploy.0 = Ad-Hoc|iPhone
		{5506151C-C15A-4240-A46B-B8300CCB955F}.Ad-Hoc|iPhoneSimulator.ActiveCfg = Ad-Hoc|iPhoneSimulator
		{5506151C-C15A-4240-A46B-B8300CCB955F}.Ad-Hoc|iPhoneSimulator.Build.0 = Ad-Hoc|iPhoneSimulator
		{5506151C-C15A-4240-A46B-B8300CCB955F}.Ad-Hoc|x64.ActiveCfg = Ad-Hoc|iPhone
		{5506151C-C15A-4240-A46B-B8300CCB955F}.Ad-Hoc|x86.ActiveCfg = Ad-Hoc|iPhone
		{5506151C-C15A-4240-A46B-B8300CCB955F}.AppStore|Any CPU.ActiveCfg = AppStore|iPhoneSimulator
		{5506151C-C15A-4240-A46B-B8300CCB955F}.AppStore|ARM.ActiveCfg = AppStore|iPhone
		{5506151C-C15A-4240-A46B-B8300CCB955F}.AppStore|ARM64.ActiveCfg = AppStore|iPhone
		{5506151C-C15A-4240-A46B-B8300CCB955F}.AppStore|iPhone.ActiveCfg = AppStore|iPhone
		{5506151C-C15A-4240-A46B-B8300CCB955F}.AppStore|iPhone.Build.0 = AppStore|iPhone
		{5506151C-C15A-4240-A46B-B8300CCB955F}.AppStore|iPhone.Deploy.0 = AppStore|iPhone
		{5506151C-C15A-4240-A46B-B8300CCB955F}.AppStore|iPhoneSimulator.ActiveCfg = AppStore|iPhoneSimulator
		{5506151C-C15A-4240-A46B-B8300CCB955F}.AppStore|iPhoneSimulator.Build.0 = AppStore|iPhoneSimulator
		{5506151C-C15A-4240-A46B-B8300CCB955F}.AppStore|x64.ActiveCfg = AppStore|iPhone
		{5506151C-C15A-4240-A46B-B8300CCB955F}.AppStore|x86.ActiveCfg = AppStore|iPhone
		{5506151C-C15A-4240-A46B-B8300CCB955F}.Debug|Any CPU.ActiveCfg = Debug|iPhoneSimulator
		{5506151C-C15A-4240-A46B-B8300CCB955F}.Debug|Any CPU.Build.0 = Debug|iPhoneSimulator
		{5506151C-C15A-4240-A46B-B8300CCB955F}.Debug|Any CPU.Deploy.0 = Debug|iPhoneSimulator
		{5506151C-C15A-4240-A46B-B8300CCB955F}.Debug|ARM.ActiveCfg = Debug|iPhone
		{5506151C-C15A-4240-A46B-B8300CCB955F}.Debug|ARM64.ActiveCfg = Debug|iPhone
		{5506151C-C15A-4240-A46B-B8300CCB955F}.Debug|iPhone.ActiveCfg = Debug|iPhone
		{5506151C-C15A-4240-A46B-B8300CCB955F}.Debug|iPhone.Build.0 = Debug|iPhone
		{5506151C-C15A-4240-A46B-B8300CCB955F}.Debug|iPhone.Deploy.0 = Debug|iPhone
		{5506151C-C15A-4240-A46B-B8300CCB955F}.Debug|iPhoneSimulator.ActiveCfg = Debug|iPhoneSimulator
		{5506151C-C15A-4240-A46B-B8300CCB955F}.Debug|iPhoneSimulator.Build.0 = Debug|iPhoneSimulator
		{5506151C-C15A-4240-A46B-B8300CCB955F}.Debug|iPhoneSimulator.Deploy.0 = Debug|iPhoneSimulator
		{5506151C-C15A-4240-A46B-B8300CCB955F}.Debug|x64.ActiveCfg = Debug|iPhone
		{5506151C-C15A-4240-A46B-B8300CCB955F}.Debug|x86.ActiveCfg = Debug|iPhone
		{5506151C-C15A-4240-A46B-B8300CCB955F}.Release|Any CPU.ActiveCfg = Release|iPhoneSimulator
		{5506151C-C15A-4240-A46B-B8300CCB955F}.Release|Any CPU.Build.0 = Release|iPhoneSimulator
		{5506151C-C15A-4240-A46B-B8300CCB955F}.Release|Any CPU.Deploy.0 = Release|iPhoneSimulator
		{5506151C-C15A-4240-A46B-B8300CCB955F}.Release|ARM.ActiveCfg = Release|iPhone
		{5506151C-C15A-4240-A46B-B8300CCB955F}.Release|ARM64.ActiveCfg = Release|iPhone
		{5506151C-C15A-4240-A46B-B8300CCB955F}.Release|iPhone.ActiveCfg = Release|iPhone
		{5506151C-C15A-4240-A46B-B8300CCB955F}.Release|iPhone.Build.0 = Release|iPhone
		{5506151C-C15A-4240-A46B-B8300CCB955F}.Release|iPhone.Deploy.0 = Release|iPhone
		{5506151C-C15A-4240-A46B-B8300CCB955F}.Release|iPhoneSimulator.ActiveCfg = Release|iPhoneSimulator
		{5506151C-C15A-4240-A46B-B8300CCB955F}.Release|iPhoneSimulator.Build.0 = Release|iPhoneSimulator
		{5506151C-C15A-4240-A46B-B8300CCB955F}.Release|iPhoneSimulator.Deploy.0 = Release|iPhoneSimulator
		{5506151C-C15A-4240-A46B-B8300CCB955F}.Release|x64.ActiveCfg = Release|iPhone
		{5506151C-C15A-4240-A46B-B8300CCB955F}.Release|x86.ActiveCfg = Release|iPhone
		{55824841-663D-484F-AF87-BCD357269000}.Ad-Hoc|Any CPU.ActiveCfg = Release|x64
		{55824841-663D-484F-AF87-BCD357269000}.Ad-Hoc|Any CPU.Build.0 = Release|x64
		{55824841-663D-484F-AF87-BCD357269000}.Ad-Hoc|Any CPU.Deploy.0 = Release|x64
		{55824841-663D-484F-AF87-BCD357269000}.Ad-Hoc|ARM.ActiveCfg = Release|ARM
		{55824841-663D-484F-AF87-BCD357269000}.Ad-Hoc|ARM.Build.0 = Release|ARM
		{55824841-663D-484F-AF87-BCD357269000}.Ad-Hoc|ARM.Deploy.0 = Release|ARM
		{55824841-663D-484F-AF87-BCD357269000}.Ad-Hoc|ARM64.ActiveCfg = Release|ARM64
		{55824841-663D-484F-AF87-BCD357269000}.Ad-Hoc|ARM64.Build.0 = Release|ARM64
		{55824841-663D-484F-AF87-BCD357269000}.Ad-Hoc|ARM64.Deploy.0 = Release|ARM64
		{55824841-663D-484F-AF87-BCD357269000}.Ad-Hoc|iPhone.ActiveCfg = Release|x64
		{55824841-663D-484F-AF87-BCD357269000}.Ad-Hoc|iPhone.Build.0 = Release|x64
		{55824841-663D-484F-AF87-BCD357269000}.Ad-Hoc|iPhone.Deploy.0 = Release|x64
		{55824841-663D-484F-AF87-BCD357269000}.Ad-Hoc|iPhoneSimulator.ActiveCfg = Release|x64
		{55824841-663D-484F-AF87-BCD357269000}.Ad-Hoc|iPhoneSimulator.Build.0 = Release|x64
		{55824841-663D-484F-AF87-BCD357269000}.Ad-Hoc|iPhoneSimulator.Deploy.0 = Release|x64
		{55824841-663D-484F-AF87-BCD357269000}.Ad-Hoc|x64.ActiveCfg = Release|x64
		{55824841-663D-484F-AF87-BCD357269000}.Ad-Hoc|x64.Build.0 = Release|x64
		{55824841-663D-484F-AF87-BCD357269000}.Ad-Hoc|x64.Deploy.0 = Release|x64
		{55824841-663D-484F-AF87-BCD357269000}.Ad-Hoc|x86.ActiveCfg = Release|x86
		{55824841-663D-484F-AF87-BCD357269000}.Ad-Hoc|x86.Build.0 = Release|x86
		{55824841-663D-484F-AF87-BCD357269000}.Ad-Hoc|x86.Deploy.0 = Release|x86
		{55824841-663D-484F-AF87-BCD357269000}.AppStore|Any CPU.ActiveCfg = Release|x64
		{55824841-663D-484F-AF87-BCD357269000}.AppStore|Any CPU.Build.0 = Release|x64
		{55824841-663D-484F-AF87-BCD357269000}.AppStore|Any CPU.Deploy.0 = Release|x64
		{55824841-663D-484F-AF87-BCD357269000}.AppStore|ARM.ActiveCfg = Release|ARM
		{55824841-663D-484F-AF87-BCD357269000}.AppStore|ARM.Build.0 = Release|ARM
		{55824841-663D-484F-AF87-BCD357269000}.AppStore|ARM.Deploy.0 = Release|ARM
		{55824841-663D-484F-AF87-BCD357269000}.AppStore|ARM64.ActiveCfg = Release|ARM64
		{55824841-663D-484F-AF87-BCD357269000}.AppStore|ARM64.Build.0 = Release|ARM64
		{55824841-663D-484F-AF87-BCD357269000}.AppStore|ARM64.Deploy.0 = Release|ARM64
		{55824841-663D-484F-AF87-BCD357269000}.AppStore|iPhone.ActiveCfg = Release|x64
		{55824841-663D-484F-AF87-BCD357269000}.AppStore|iPhone.Build.0 = Release|x64
		{55824841-663D-484F-AF87-BCD357269000}.AppStore|iPhone.Deploy.0 = Release|x64
		{55824841-663D-484F-AF87-BCD357269000}.AppStore|iPhoneSimulator.ActiveCfg = Release|x64
		{55824841-663D-484F-AF87-BCD357269000}.AppStore|iPhoneSimulator.Build.0 = Release|x64
		{55824841-663D-484F-AF87-BCD357269000}.AppStore|iPhoneSimulator.Deploy.0 = Release|x64
		{55824841-663D-484F-AF87-BCD357269000}.AppStore|x64.ActiveCfg = Release|x64
		{55824841-663D-484F-AF87-BCD357269000}.AppStore|x64.Build.0 = Release|x64
		{55824841-663D-484F-AF87-BCD357269000}.AppStore|x64.Deploy.0 = Release|x64
		{55824841-663D-484F-AF87-BCD357269000}.AppStore|x86.ActiveCfg = Release|x86
		{55824841-663D-484F-AF87-BCD357269000}.AppStore|x86.Build.0 = Release|x86
		{55824841-663D-484F-AF87-BCD357269000}.AppStore|x86.Deploy.0 = Release|x86
		{55824841-663D-484F-AF87-BCD357269000}.Debug|Any CPU.ActiveCfg = Debug|x86
		{55824841-663D-484F-AF87-BCD357269000}.Debug|Any CPU.Build.0 = Debug|x86
		{55824841-663D-484F-AF87-BCD357269000}.Debug|Any CPU.Deploy.0 = Debug|x86
		{55824841-663D-484F-AF87-BCD357269000}.Debug|ARM.ActiveCfg = Debug|ARM
		{55824841-663D-484F-AF87-BCD357269000}.Debug|ARM.Build.0 = Debug|ARM
		{55824841-663D-484F-AF87-BCD357269000}.Debug|ARM.Deploy.0 = Debug|ARM
		{55824841-663D-484F-AF87-BCD357269000}.Debug|ARM64.ActiveCfg = Debug|ARM64
		{55824841-663D-484F-AF87-BCD357269000}.Debug|ARM64.Build.0 = Debug|ARM64
		{55824841-663D-484F-AF87-BCD357269000}.Debug|ARM64.Deploy.0 = Debug|ARM64
		{55824841-663D-484F-AF87-BCD357269000}.Debug|iPhone.ActiveCfg = Debug|x86
		{55824841-663D-484F-AF87-BCD357269000}.Debug|iPhoneSimulator.ActiveCfg = Debug|x86
		{55824841-663D-484F-AF87-BCD357269000}.Debug|x64.ActiveCfg = Debug|x64
		{55824841-663D-484F-AF87-BCD357269000}.Debug|x64.Build.0 = Debug|x64
		{55824841-663D-484F-AF87-BCD357269000}.Debug|x64.Deploy.0 = Debug|x64
		{55824841-663D-484F-AF87-BCD357269000}.Debug|x86.ActiveCfg = Debug|x86
		{55824841-663D-484F-AF87-BCD357269000}.Debug|x86.Build.0 = Debug|x86
		{55824841-663D-484F-AF87-BCD357269000}.Debug|x86.Deploy.0 = Debug|x86
		{55824841-663D-484F-AF87-BCD357269000}.Release|Any CPU.ActiveCfg = Release|x86
		{55824841-663D-484F-AF87-BCD357269000}.Release|ARM.ActiveCfg = Release|ARM
		{55824841-663D-484F-AF87-BCD357269000}.Release|ARM.Build.0 = Release|ARM
		{55824841-663D-484F-AF87-BCD357269000}.Release|ARM.Deploy.0 = Release|ARM
		{55824841-663D-484F-AF87-BCD357269000}.Release|ARM64.ActiveCfg = Release|ARM64
		{55824841-663D-484F-AF87-BCD357269000}.Release|ARM64.Build.0 = Release|ARM64
		{55824841-663D-484F-AF87-BCD357269000}.Release|ARM64.Deploy.0 = Release|ARM64
		{55824841-663D-484F-AF87-BCD357269000}.Release|iPhone.ActiveCfg = Release|x86
		{55824841-663D-484F-AF87-BCD357269000}.Release|iPhoneSimulator.ActiveCfg = Release|x86
		{55824841-663D-484F-AF87-BCD357269000}.Release|x64.ActiveCfg = Release|x64
		{55824841-663D-484F-AF87-BCD357269000}.Release|x64.Build.0 = Release|x64
		{55824841-663D-484F-AF87-BCD357269000}.Release|x64.Deploy.0 = Release|x64
		{55824841-663D-484F-AF87-BCD357269000}.Release|x86.ActiveCfg = Release|x86
		{55824841-663D-484F-AF87-BCD357269000}.Release|x86.Build.0 = Release|x86
		{55824841-663D-484F-AF87-BCD357269000}.Release|x86.Deploy.0 = Release|x86
		{43CBBAA4-06DD-46F3-9184-52374497131F}.Ad-Hoc|Any CPU.ActiveCfg = Debug|Any CPU
		{43CBBAA4-06DD-46F3-9184-52374497131F}.Ad-Hoc|Any CPU.Build.0 = Debug|Any CPU
		{43CBBAA4-06DD-46F3-9184-52374497131F}.Ad-Hoc|ARM.ActiveCfg = Debug|Any CPU
		{43CBBAA4-06DD-46F3-9184-52374497131F}.Ad-Hoc|ARM.Build.0 = Debug|Any CPU
		{43CBBAA4-06DD-46F3-9184-52374497131F}.Ad-Hoc|ARM64.ActiveCfg = Debug|Any CPU
		{43CBBAA4-06DD-46F3-9184-52374497131F}.Ad-Hoc|ARM64.Build.0 = Debug|Any CPU
		{43CBBAA4-06DD-46F3-9184-52374497131F}.Ad-Hoc|iPhone.ActiveCfg = Debug|Any CPU
		{43CBBAA4-06DD-46F3-9184-52374497131F}.Ad-Hoc|iPhone.Build.0 = Debug|Any CPU
		{43CBBAA4-06DD-46F3-9184-52374497131F}.Ad-Hoc|iPhoneSimulator.ActiveCfg = Debug|Any CPU
		{43CBBAA4-06DD-46F3-9184-52374497131F}.Ad-Hoc|iPhoneSimulator.Build.0 = Debug|Any CPU
		{43CBBAA4-06DD-46F3-9184-52374497131F}.Ad-Hoc|x64.ActiveCfg = Debug|Any CPU
		{43CBBAA4-06DD-46F3-9184-52374497131F}.Ad-Hoc|x64.Build.0 = Debug|Any CPU
		{43CBBAA4-06DD-46F3-9184-52374497131F}.Ad-Hoc|x86.ActiveCfg = Debug|Any CPU
		{43CBBAA4-06DD-46F3-9184-52374497131F}.Ad-Hoc|x86.Build.0 = Debug|Any CPU
		{43CBBAA4-06DD-46F3-9184-52374497131F}.AppStore|Any CPU.ActiveCfg = Debug|Any CPU
		{43CBBAA4-06DD-46F3-9184-52374497131F}.AppStore|Any CPU.Build.0 = Debug|Any CPU
		{43CBBAA4-06DD-46F3-9184-52374497131F}.AppStore|ARM.ActiveCfg = Debug|Any CPU
		{43CBBAA4-06DD-46F3-9184-52374497131F}.AppStore|ARM.Build.0 = Debug|Any CPU
		{43CBBAA4-06DD-46F3-9184-52374497131F}.AppStore|ARM64.ActiveCfg = Debug|Any CPU
		{43CBBAA4-06DD-46F3-9184-52374497131F}.AppStore|ARM64.Build.0 = Debug|Any CPU
		{43CBBAA4-06DD-46F3-9184-52374497131F}.AppStore|iPhone.ActiveCfg = Debug|Any CPU
		{43CBBAA4-06DD-46F3-9184-52374497131F}.AppStore|iPhone.Build.0 = Debug|Any CPU
		{43CBBAA4-06DD-46F3-9184-52374497131F}.AppStore|iPhoneSimulator.ActiveCfg = Debug|Any CPU
		{43CBBAA4-06DD-46F3-9184-52374497131F}.AppStore|iPhoneSimulator.Build.0 = Debug|Any CPU
		{43CBBAA4-06DD-46F3-9184-52374497131F}.AppStore|x64.ActiveCfg = Debug|Any CPU
		{43CBBAA4-06DD-46F3-9184-52374497131F}.AppStore|x64.Build.0 = Debug|Any CPU
		{43CBBAA4-06DD-46F3-9184-52374497131F}.AppStore|x86.ActiveCfg = Debug|Any CPU
		{43CBBAA4-06DD-46F3-9184-52374497131F}.AppStore|x86.Build.0 = Debug|Any CPU
		{43CBBAA4-06DD-46F3-9184-52374497131F}.Debug|Any CPU.ActiveCfg = Debug|Any CPU
		{43CBBAA4-06DD-46F3-9184-52374497131F}.Debug|Any CPU.Build.0 = Debug|Any CPU
		{43CBBAA4-06DD-46F3-9184-52374497131F}.Debug|ARM.ActiveCfg = Debug|Any CPU
		{43CBBAA4-06DD-46F3-9184-52374497131F}.Debug|ARM.Build.0 = Debug|Any CPU
		{43CBBAA4-06DD-46F3-9184-52374497131F}.Debug|ARM64.ActiveCfg = Debug|Any CPU
		{43CBBAA4-06DD-46F3-9184-52374497131F}.Debug|ARM64.Build.0 = Debug|Any CPU
		{43CBBAA4-06DD-46F3-9184-52374497131F}.Debug|iPhone.ActiveCfg = Debug|Any CPU
		{43CBBAA4-06DD-46F3-9184-52374497131F}.Debug|iPhone.Build.0 = Debug|Any CPU
		{43CBBAA4-06DD-46F3-9184-52374497131F}.Debug|iPhoneSimulator.ActiveCfg = Debug|Any CPU
		{43CBBAA4-06DD-46F3-9184-52374497131F}.Debug|iPhoneSimulator.Build.0 = Debug|Any CPU
		{43CBBAA4-06DD-46F3-9184-52374497131F}.Debug|x64.ActiveCfg = Debug|Any CPU
		{43CBBAA4-06DD-46F3-9184-52374497131F}.Debug|x64.Build.0 = Debug|Any CPU
		{43CBBAA4-06DD-46F3-9184-52374497131F}.Debug|x86.ActiveCfg = Debug|Any CPU
		{43CBBAA4-06DD-46F3-9184-52374497131F}.Debug|x86.Build.0 = Debug|Any CPU
		{43CBBAA4-06DD-46F3-9184-52374497131F}.Release|Any CPU.ActiveCfg = Release|Any CPU
		{43CBBAA4-06DD-46F3-9184-52374497131F}.Release|Any CPU.Build.0 = Release|Any CPU
		{43CBBAA4-06DD-46F3-9184-52374497131F}.Release|ARM.ActiveCfg = Release|Any CPU
		{43CBBAA4-06DD-46F3-9184-52374497131F}.Release|ARM.Build.0 = Release|Any CPU
		{43CBBAA4-06DD-46F3-9184-52374497131F}.Release|ARM64.ActiveCfg = Release|Any CPU
		{43CBBAA4-06DD-46F3-9184-52374497131F}.Release|ARM64.Build.0 = Release|Any CPU
		{43CBBAA4-06DD-46F3-9184-52374497131F}.Release|iPhone.ActiveCfg = Release|Any CPU
		{43CBBAA4-06DD-46F3-9184-52374497131F}.Release|iPhone.Build.0 = Release|Any CPU
		{43CBBAA4-06DD-46F3-9184-52374497131F}.Release|iPhoneSimulator.ActiveCfg = Release|Any CPU
		{43CBBAA4-06DD-46F3-9184-52374497131F}.Release|iPhoneSimulator.Build.0 = Release|Any CPU
		{43CBBAA4-06DD-46F3-9184-52374497131F}.Release|x64.ActiveCfg = Release|Any CPU
		{43CBBAA4-06DD-46F3-9184-52374497131F}.Release|x64.Build.0 = Release|Any CPU
		{43CBBAA4-06DD-46F3-9184-52374497131F}.Release|x86.ActiveCfg = Release|Any CPU
		{43CBBAA4-06DD-46F3-9184-52374497131F}.Release|x86.Build.0 = Release|Any CPU
		{9EAE6F2C-00AA-45B2-8880-D6FA1D2B4CB2}.Ad-Hoc|Any CPU.ActiveCfg = Debug|Any CPU
		{9EAE6F2C-00AA-45B2-8880-D6FA1D2B4CB2}.Ad-Hoc|Any CPU.Build.0 = Debug|Any CPU
		{9EAE6F2C-00AA-45B2-8880-D6FA1D2B4CB2}.Ad-Hoc|ARM.ActiveCfg = Debug|Any CPU
		{9EAE6F2C-00AA-45B2-8880-D6FA1D2B4CB2}.Ad-Hoc|ARM.Build.0 = Debug|Any CPU
		{9EAE6F2C-00AA-45B2-8880-D6FA1D2B4CB2}.Ad-Hoc|ARM64.ActiveCfg = Debug|Any CPU
		{9EAE6F2C-00AA-45B2-8880-D6FA1D2B4CB2}.Ad-Hoc|ARM64.Build.0 = Debug|Any CPU
		{9EAE6F2C-00AA-45B2-8880-D6FA1D2B4CB2}.Ad-Hoc|iPhone.ActiveCfg = Debug|Any CPU
		{9EAE6F2C-00AA-45B2-8880-D6FA1D2B4CB2}.Ad-Hoc|iPhone.Build.0 = Debug|Any CPU
		{9EAE6F2C-00AA-45B2-8880-D6FA1D2B4CB2}.Ad-Hoc|iPhoneSimulator.ActiveCfg = Debug|Any CPU
		{9EAE6F2C-00AA-45B2-8880-D6FA1D2B4CB2}.Ad-Hoc|iPhoneSimulator.Build.0 = Debug|Any CPU
		{9EAE6F2C-00AA-45B2-8880-D6FA1D2B4CB2}.Ad-Hoc|x64.ActiveCfg = Debug|Any CPU
		{9EAE6F2C-00AA-45B2-8880-D6FA1D2B4CB2}.Ad-Hoc|x64.Build.0 = Debug|Any CPU
		{9EAE6F2C-00AA-45B2-8880-D6FA1D2B4CB2}.Ad-Hoc|x86.ActiveCfg = Debug|Any CPU
		{9EAE6F2C-00AA-45B2-8880-D6FA1D2B4CB2}.Ad-Hoc|x86.Build.0 = Debug|Any CPU
		{9EAE6F2C-00AA-45B2-8880-D6FA1D2B4CB2}.AppStore|Any CPU.ActiveCfg = Debug|Any CPU
		{9EAE6F2C-00AA-45B2-8880-D6FA1D2B4CB2}.AppStore|Any CPU.Build.0 = Debug|Any CPU
		{9EAE6F2C-00AA-45B2-8880-D6FA1D2B4CB2}.AppStore|ARM.ActiveCfg = Debug|Any CPU
		{9EAE6F2C-00AA-45B2-8880-D6FA1D2B4CB2}.AppStore|ARM.Build.0 = Debug|Any CPU
		{9EAE6F2C-00AA-45B2-8880-D6FA1D2B4CB2}.AppStore|ARM64.ActiveCfg = Debug|Any CPU
		{9EAE6F2C-00AA-45B2-8880-D6FA1D2B4CB2}.AppStore|ARM64.Build.0 = Debug|Any CPU
		{9EAE6F2C-00AA-45B2-8880-D6FA1D2B4CB2}.AppStore|iPhone.ActiveCfg = Debug|Any CPU
		{9EAE6F2C-00AA-45B2-8880-D6FA1D2B4CB2}.AppStore|iPhone.Build.0 = Debug|Any CPU
		{9EAE6F2C-00AA-45B2-8880-D6FA1D2B4CB2}.AppStore|iPhoneSimulator.ActiveCfg = Debug|Any CPU
		{9EAE6F2C-00AA-45B2-8880-D6FA1D2B4CB2}.AppStore|iPhoneSimulator.Build.0 = Debug|Any CPU
		{9EAE6F2C-00AA-45B2-8880-D6FA1D2B4CB2}.AppStore|x64.ActiveCfg = Debug|Any CPU
		{9EAE6F2C-00AA-45B2-8880-D6FA1D2B4CB2}.AppStore|x64.Build.0 = Debug|Any CPU
		{9EAE6F2C-00AA-45B2-8880-D6FA1D2B4CB2}.AppStore|x86.ActiveCfg = Debug|Any CPU
		{9EAE6F2C-00AA-45B2-8880-D6FA1D2B4CB2}.AppStore|x86.Build.0 = Debug|Any CPU
		{9EAE6F2C-00AA-45B2-8880-D6FA1D2B4CB2}.Debug|Any CPU.ActiveCfg = Debug|Any CPU
		{9EAE6F2C-00AA-45B2-8880-D6FA1D2B4CB2}.Debug|Any CPU.Build.0 = Debug|Any CPU
		{9EAE6F2C-00AA-45B2-8880-D6FA1D2B4CB2}.Debug|ARM.ActiveCfg = Debug|Any CPU
		{9EAE6F2C-00AA-45B2-8880-D6FA1D2B4CB2}.Debug|ARM.Build.0 = Debug|Any CPU
		{9EAE6F2C-00AA-45B2-8880-D6FA1D2B4CB2}.Debug|ARM64.ActiveCfg = Debug|Any CPU
		{9EAE6F2C-00AA-45B2-8880-D6FA1D2B4CB2}.Debug|ARM64.Build.0 = Debug|Any CPU
		{9EAE6F2C-00AA-45B2-8880-D6FA1D2B4CB2}.Debug|iPhone.ActiveCfg = Debug|Any CPU
		{9EAE6F2C-00AA-45B2-8880-D6FA1D2B4CB2}.Debug|iPhone.Build.0 = Debug|Any CPU
		{9EAE6F2C-00AA-45B2-8880-D6FA1D2B4CB2}.Debug|iPhoneSimulator.ActiveCfg = Debug|Any CPU
		{9EAE6F2C-00AA-45B2-8880-D6FA1D2B4CB2}.Debug|iPhoneSimulator.Build.0 = Debug|Any CPU
		{9EAE6F2C-00AA-45B2-8880-D6FA1D2B4CB2}.Debug|x64.ActiveCfg = Debug|Any CPU
		{9EAE6F2C-00AA-45B2-8880-D6FA1D2B4CB2}.Debug|x64.Build.0 = Debug|Any CPU
		{9EAE6F2C-00AA-45B2-8880-D6FA1D2B4CB2}.Debug|x86.ActiveCfg = Debug|Any CPU
		{9EAE6F2C-00AA-45B2-8880-D6FA1D2B4CB2}.Debug|x86.Build.0 = Debug|Any CPU
		{9EAE6F2C-00AA-45B2-8880-D6FA1D2B4CB2}.Release|Any CPU.ActiveCfg = Release|Any CPU
		{9EAE6F2C-00AA-45B2-8880-D6FA1D2B4CB2}.Release|Any CPU.Build.0 = Release|Any CPU
		{9EAE6F2C-00AA-45B2-8880-D6FA1D2B4CB2}.Release|ARM.ActiveCfg = Release|Any CPU
		{9EAE6F2C-00AA-45B2-8880-D6FA1D2B4CB2}.Release|ARM.Build.0 = Release|Any CPU
		{9EAE6F2C-00AA-45B2-8880-D6FA1D2B4CB2}.Release|ARM64.ActiveCfg = Release|Any CPU
		{9EAE6F2C-00AA-45B2-8880-D6FA1D2B4CB2}.Release|ARM64.Build.0 = Release|Any CPU
		{9EAE6F2C-00AA-45B2-8880-D6FA1D2B4CB2}.Release|iPhone.ActiveCfg = Release|Any CPU
		{9EAE6F2C-00AA-45B2-8880-D6FA1D2B4CB2}.Release|iPhone.Build.0 = Release|Any CPU
		{9EAE6F2C-00AA-45B2-8880-D6FA1D2B4CB2}.Release|iPhoneSimulator.ActiveCfg = Release|Any CPU
		{9EAE6F2C-00AA-45B2-8880-D6FA1D2B4CB2}.Release|iPhoneSimulator.Build.0 = Release|Any CPU
		{9EAE6F2C-00AA-45B2-8880-D6FA1D2B4CB2}.Release|x64.ActiveCfg = Release|Any CPU
		{9EAE6F2C-00AA-45B2-8880-D6FA1D2B4CB2}.Release|x64.Build.0 = Release|Any CPU
		{9EAE6F2C-00AA-45B2-8880-D6FA1D2B4CB2}.Release|x86.ActiveCfg = Release|Any CPU
		{9EAE6F2C-00AA-45B2-8880-D6FA1D2B4CB2}.Release|x86.Build.0 = Release|Any CPU
	EndGlobalSection
	GlobalSection(SolutionProperties) = preSolution
		HideSolutionNode = FALSE
	EndGlobalSection
	GlobalSection(ExtensibilityGlobals) = postSolution
		SolutionGuid = {DB0A1501-326F-4B05-9645-494BB229BF9E}
	EndGlobalSection
EndGlobal
